# THIS IS AN AUTOGENERATED FILE. DO NOT EDIT THIS FILE DIRECTLY.
# yarn lockfile v1


"@astrojs/compiler@^1.5.5":
  version "1.8.2"
  resolved "https://registry.yarnpkg.com/@astrojs/compiler/-/compiler-1.8.2.tgz#f305d5724c45a9932a8ef4e87b2e7227d15d1c2b"
  integrity sha512-o/ObKgtMzl8SlpIdzaxFnt7SATKPxu4oIP/1NL+HDJRzxfJcAkOTAb/ZKMRyULbz4q+1t2/DAebs2Z1QairkZw==

argparse@^2.0.1:
  version "2.0.1"
  resolved "https://registry.yarnpkg.com/argparse/-/argparse-2.0.1.tgz#246f50f3ca78a3240f6c997e8a9bd1eac49e4b38"
  integrity sha512-8+9WqebbFzpX9OR+Wa6O29asIogeRMzcGtAINdpMHHyAg10f05aSFVBbcEqGf/PXw1EjAZ+q2/bEBg3DvurK3Q==

big-integer@^1.6.48:
  version "1.6.52"
  resolved "https://registry.yarnpkg.com/big-integer/-/big-integer-1.6.52.tgz#60a887f3047614a8e1bffe5d7173490a97dc8c85"
  integrity sha512-QxD8cf2eVqJOOz63z6JIN9BzvVs/dlySa5HGSBH5xtR8dPteIRQnBxxKqkNTiT6jbDTF6jAfrd4oMcND9RGbQg==

commander@^2.19.0:
  version "2.20.3"
  resolved "https://registry.yarnpkg.com/commander/-/commander-2.20.3.tgz#fd485e84c03eb4881c20722ba48035e8531aeb33"
  integrity sha512-GpVkmM8vF2vQUkj2LvZmD35JxeJOLCwJ9cUkugyk2nuhbv3+mJvpLYYt+0+USMxE+oj+ey/lJEnhZw75x/OMcQ==

discontinuous-range@1.0.0:
  version "1.0.0"
  resolved "https://registry.yarnpkg.com/discontinuous-range/-/discontinuous-range-1.0.0.tgz#e38331f0844bba49b9a9cb71c771585aab1bc65a"
  integrity sha512-c68LpLbO+7kP/b1Hr1qs8/BJ09F5khZGTxqxZuhzxpmwJKOgRFHJWIb9/KmqnqHhLdO55aOxFH/EGBvUQbL/RQ==

get-stdin@=8.0.0:
  version "8.0.0"
  resolved "https://registry.yarnpkg.com/get-stdin/-/get-stdin-8.0.0.tgz#cbad6a73feb75f6eeb22ba9e01f89aa28aa97a53"
  integrity sha512-sY22aA6xchAzprjyqmSEQv4UbAAzRN0L2dQB0NlN5acTTK9Don6nhoc3eAbUnpZiCANAMfd/+40kVdKfFygohg==

jsox@^1.2.119:
  version "1.2.119"
  resolved "https://registry.yarnpkg.com/jsox/-/jsox-1.2.119.tgz#decc12b6d3948d89460da6c5e144ee76c1d054ce"
  integrity sha512-f37obwxWKKuylcaOzNlUlzfDvURSCpqTXs8yEivhvsp86D/DTIySxP4v5Qdlg24qCuzDSZ0mJr3krc/f7TZ/5A==

moo@^0.5.0:
  version "0.5.2"
  resolved "https://registry.yarnpkg.com/moo/-/moo-0.5.2.tgz#f9fe82473bc7c184b0d32e2215d3f6e67278733c"
  integrity sha512-iSAJLHYKnX41mKcJKjqvnAN9sf0LMDTXDEvFv+ffuRR9a1MIuXLjMNL6EsnDHSkKLTWNqQQ5uo61P4EbU4NU+Q==

nearley@^2.20.1:
  version "2.20.1"
  resolved "https://registry.yarnpkg.com/nearley/-/nearley-2.20.1.tgz#246cd33eff0d012faf197ff6774d7ac78acdd474"
  integrity sha512-+Mc8UaAebFzgV+KpI5n7DasuuQCHA89dmwm7JXw3TV43ukfNQ9DnBH3Mdb2g/I4Fdxc26pwimBWvjIw0UAILSQ==
  dependencies:
    commander "^2.19.0"
    moo "^0.5.0"
    railroad-diagrams "^1.0.0"
    randexp "0.4.6"

node-sql-parser@^4.12.0:
  version "4.18.0"
  resolved "https://registry.yarnpkg.com/node-sql-parser/-/node-sql-parser-4.18.0.tgz#516b6e633c55c5abbba1ca588ab372db81ae9318"
  integrity sha512-2YEOR5qlI1zUFbGMLKNfsrR5JUvFg9LxIRVE+xJe962pfVLH0rnItqLzv96XVs1Y1UIR8FxsXAuvX/lYAWZ2BQ==
  dependencies:
    big-integer "^1.6.48"

prettier-plugin-astro@^0.12.1:
  version "0.12.3"
  resolved "https://registry.yarnpkg.com/prettier-plugin-astro/-/prettier-plugin-astro-0.12.3.tgz#5e581f71b834cb73a840ffd44381812f236a7a60"
  integrity sha512-GthUSu3zCvmtVyqlArosez0xE08vSJ0R1sWurxIWpABaCkNGYFANoUdFkqmIo54EV2uPLGcVJzOucWvCjPBWvg==
  dependencies:
    "@astrojs/compiler" "^1.5.5"
    prettier "^3.0.0"
    sass-formatter "^0.7.6"

prettier-plugin-sql@^0.18.1:
  version "0.18.1"
  resolved "https://registry.yarnpkg.com/prettier-plugin-sql/-/prettier-plugin-sql-0.18.1.tgz#037c6a55ee6c78f80df42041f8f53340651fc7d8"
  integrity sha512-2+Nob2sg7hzLAKJoE6sfgtkhBZCqOzrWHZPvE4Kee/e80oOyI4qwy9vypeltqNBJwTtq3uiKPrCxlT03bBpOaw==
  dependencies:
    jsox "^1.2.119"
    node-sql-parser "^4.12.0"
    sql-formatter "^15.0.2"
    tslib "^2.6.2"

prettier-plugin-tailwindcss@^0.6.6:
  version "0.6.6"
  resolved "https://registry.yarnpkg.com/prettier-plugin-tailwindcss/-/prettier-plugin-tailwindcss-0.6.6.tgz#93e524d3c30f3fb45dc9e99de985b2a584ff063f"
  integrity sha512-OPva5S7WAsPLEsOuOWXATi13QrCKACCiIonFgIR6V4lYv4QLp++UXVhZSzRbZxXGimkQtQT86CC6fQqTOybGng==

prettier@^3.0.0, prettier@^3.3.3:
  version "3.3.3"
  resolved "https://registry.yarnpkg.com/prettier/-/prettier-3.3.3.tgz#30c54fe0be0d8d12e6ae61dbb10109ea00d53105"
  integrity sha512-i2tDNA0O5IrMO757lfrdQZCc2jPNDVntV0m/+4whiDfWaTKfMNgR7Qz0NAeGz/nRqF4m5/6CLzbP4/liHt12Ew==

railroad-diagrams@^1.0.0:
  version "1.0.0"
  resolved "https://registry.yarnpkg.com/railroad-diagrams/-/railroad-diagrams-1.0.0.tgz#eb7e6267548ddedfb899c1b90e57374559cddb7e"
  integrity sha512-cz93DjNeLY0idrCNOH6PviZGRN9GJhsdm9hpn1YCS879fj4W+x5IFJhhkRZcwVgMmFF7R82UA/7Oh+R8lLZg6A==

randexp@0.4.6:
  version "0.4.6"
  resolved "https://registry.yarnpkg.com/randexp/-/randexp-0.4.6.tgz#e986ad5e5e31dae13ddd6f7b3019aa7c87f60ca3"
  integrity sha512-80WNmd9DA0tmZrw9qQa62GPPWfuXJknrmVmLcxvq4uZBdYqb1wYoKTmnlGUchvVWe0XiLupYkBoXVOxz3C8DYQ==
  dependencies:
    discontinuous-range "1.0.0"
    ret "~0.1.10"

ret@~0.1.10:
  version "0.1.15"
  resolved "https://registry.yarnpkg.com/ret/-/ret-0.1.15.tgz#b8a4825d5bdb1fc3f6f53c2bc33f81388681c7bc"
  integrity sha512-TTlYpa+OL+vMMNG24xSlQGEJ3B/RzEfUlLct7b5G/ytav+wPrplCpVMFuwzXbkecJrb6IYo1iFb0S9v37754mg==

s.color@0.0.15:
  version "0.0.15"
  resolved "https://registry.yarnpkg.com/s.color/-/s.color-0.0.15.tgz#6b32cd22d8dba95703a5122ddede2020a1560186"
  integrity sha512-AUNrbEUHeKY8XsYr/DYpl+qk5+aM+DChopnWOPEzn8YKzOhv4l2zH6LzZms3tOZP3wwdOyc0RmTciyi46HLIuA==

sass-formatter@^0.7.6:
  version "0.7.9"
  resolved "https://registry.yarnpkg.com/sass-formatter/-/sass-formatter-0.7.9.tgz#cf77e02e98f81daabd91b185192144d29fc04ca5"
  integrity sha512-CWZ8XiSim+fJVG0cFLStwDvft1VI7uvXdCNJYXhDvowiv+DsbD1nXLiQ4zrE5UBvj5DWZJ93cwN0NX5PMsr1Pw==
  dependencies:
    suf-log "^2.5.3"

sql-formatter@^15.0.2:
  version "15.4.0"
  resolved "https://registry.yarnpkg.com/sql-formatter/-/sql-formatter-15.4.0.tgz#b4236760f96132ee786e0acb58bc5a740f11f1b9"
  integrity sha512-h3uVulRmOfARvDejuSzs9GMbua/UmGCKiP08zyHT1PnG376zk9CHVsDAcKIc9TcIwIrDH3YULWwI4PrXdmLRVw==
  dependencies:
    argparse "^2.0.1"
    get-stdin "=8.0.0"
    nearley "^2.20.1"

suf-log@^2.5.3:
  version "2.5.3"
  resolved "https://registry.yarnpkg.com/suf-log/-/suf-log-2.5.3.tgz#0919a7fceea532a99b578c97814c4e335b2d64d1"
  integrity sha512-KvC8OPjzdNOe+xQ4XWJV2whQA0aM1kGVczMQ8+dStAO6KfEB140JEVQ9dE76ONZ0/Ylf67ni4tILPJB41U0eow==
  dependencies:
    s.color "0.0.15"

tslib@^2.6.2:
  version "2.6.3"
  resolved "https://registry.yarnpkg.com/tslib/-/tslib-2.6.3.tgz#0438f810ad7a9edcde7a241c3d80db693c8cbfe0"
  integrity sha512-xNvxJEOUiWPGhUuUdQgAJPKOOJfGnIyKySOc09XkKsgdUV/3E2zvwZYdejjmRgPCgcym1juLH3226yA7sEFJKQ==
